
Microsoft Visual Studio Solution File, Format Version 12.00
# Visual Studio 14
VisualStudioVersion = 14.0.25420.1
MinimumVisualStudioVersion = 10.0.40219.1
Project("{FAE04EC0-301F-11D3-BF4B-00C04F79EFBC}") = "IMS.Web.UI", "IMS.Web.UI.csproj", "{0CA3E3CC-6ED2-4538-A95C-8F3BF0959278}"
EndProject
Project("{FAE04EC0-301F-11D3-BF4B-00C04F79EFBC}") = "IMS.Data", "..\IMS.Data\IMS.Data.csproj", "{84A82A7D-ACA4-480E-AFB6-3D35D34FE203}"
EndProject
Project("{FAE04EC0-301F-11D3-BF4B-00C04F79EFBC}") = "IMS.DataModel", "..\IMS.Model\IMS.DataModel.csproj", "{E01AAF78-DB03-4307-B70F-B9C27DBF8B63}"
EndProject
Project("{FAE04EC0-301F-11D3-BF4B-00C04F79EFBC}") = "IMS.Common", "..\IMS.Common\IMS.Common.csproj", "{D3F566C5-4155-4310-8CCC-A69F6E563D6D}"
EndProject
Global
	GlobalSection(SolutionConfigurationPlatforms) = preSolution
		Debug|Any CPU = Debug|Any CPU
		Release|Any CPU = Release|Any CPU
	EndGlobalSection
	GlobalSection(ProjectConfigurationPlatforms) = postSolution
		{0CA3E3CC-6ED2-4538-A95C-8F3BF0959278}.Debug|Any CPU.ActiveCfg = Debug|Any CPU
		{0CA3E3CC-6ED2-4538-A95C-8F3BF0959278}.Debug|Any CPU.Build.0 = Debug|Any CPU
		{0CA3E3CC-6ED2-4538-A95C-8F3BF0959278}.Release|Any CPU.ActiveCfg = Release|Any CPU
		{0CA3E3CC-6ED2-4538-A95C-8F3BF0959278}.Release|Any CPU.Build.0 = Release|Any CPU
		{84A82A7D-ACA4-480E-AFB6-3D35D34FE203}.Debug|Any CPU.ActiveCfg = Debug|Any CPU
		{84A82A7D-ACA4-480E-AFB6-3D35D34FE203}.Debug|Any CPU.Build.0 = Debug|Any CPU
		{84A82A7D-ACA4-480E-AFB6-3D35D34FE203}.Release|Any CPU.ActiveCfg = Release|Any CPU
		{84A82A7D-ACA4-480E-AFB6-3D35D34FE203}.Release|Any CPU.Build.0 = Release|Any CPU
		{E01AAF78-DB03-4307-B70F-B9C27DBF8B63}.Debug|Any CPU.ActiveCfg = Debug|Any CPU
		{E01AAF78-DB03-4307-B70F-B9C27DBF8B63}.Debug|Any CPU.Build.0 = Debug|Any CPU
		{E01AAF78-DB03-4307-B70F-B9C27DBF8B63}.Release|Any CPU.ActiveCfg = Release|Any CPU
		{E01AAF78-DB03-4307-B70F-B9C27DBF8B63}.Release|Any CPU.Build.0 = Release|Any CPU
		{D3F566C5-4155-4310-8CCC-A69F6E563D6D}.Debug|Any CPU.ActiveCfg = Debug|Any CPU
		{D3F566C5-4155-4310-8CCC-A69F6E563D6D}.Debug|Any CPU.Build.0 = Debug|Any CPU
		{D3F566C5-4155-4310-8CCC-A69F6E563D6D}.Release|Any CPU.ActiveCfg = Release|Any CPU
		{D3F566C5-4155-4310-8CCC-A69F6E563D6D}.Release|Any CPU.Build.0 = Release|Any CPU
	EndGlobalSection
	GlobalSection(SolutionProperties) = preSolution
		HideSolutionNode = FALSE
	EndGlobalSection
EndGlobal
